
Microsoft Visual Studio Solution File, Format Version 12.00
# Visual Studio 14
VisualStudioVersion = 14.0.24720.0
MinimumVisualStudioVersion = 10.0.40219.1
Project("{FAE04EC0-301F-11D3-BF4B-00C04F79EFBC}") = "vectorGameV2", "vectorGameV2\vectorGameV2.csproj", "{20725C4D-3C24-483F-99FF-511778B64788}"
EndProject
Global
	GlobalSection(SolutionConfigurationPlatforms) = preSolution
		Debug|Any CPU = Debug|Any CPU
		Release|Any CPU = Release|Any CPU
	EndGlobalSection
	GlobalSection(ProjectConfigurationPlatforms) = postSolution
		{20725C4D-3C24-483F-99FF-511778B64788}.Debug|Any CPU.ActiveCfg = Debug|Any CPU
		{20725C4D-3C24-483F-99FF-511778B64788}.Debug|Any CPU.Build.0 = Debug|Any CPU
		{20725C4D-3C24-483F-99FF-511778B64788}.Release|Any CPU.ActiveCfg = Release|Any CPU
		{20725C4D-3C24-483F-99FF-511778B64788}.Release|Any CPU.Build.0 = Release|Any CPU
	EndGlobalSection
	GlobalSection(SolutionProperties) = preSolution
		HideSolutionNode = FALSE
	EndGlobalSection
EndGlobal
